
Microsoft Visual Studio Solution File, Format Version 12.00
# Visual Studio 2013
VisualStudioVersion = 12.0.31101.0
MinimumVisualStudioVersion = 10.0.40219.1
Project("{8BC9CEB8-8B4A-11D0-8D11-00A0C91BC942}") = "ShieldEkgEmgDemo", "ShieldEkgEmgDemo\ShieldEkgEmgDemo.vcxproj", "{47F6F516-469D-4E7E-AFB6-5DB81B75F17C}"
EndProject
Project("{FAE04EC0-301F-11D3-BF4B-00C04F79EFBC}") = "EmgTools.IO.OlimexShield", "EmgTools.Olimex\EmgTools.IO.OlimexShield.csproj", "{9C249816-0D45-4130-AB6D-857091DA6AFB}"
EndProject
Project("{FAE04EC0-301F-11D3-BF4B-00C04F79EFBC}") = "EmgTools.EmgLogger", "EmgTools.EmgLogger\EmgTools.EmgLogger.csproj", "{28EFE431-C8AC-4549-AE5C-BC6BC04FF58D}"
EndProject
Project("{FAE04EC0-301F-11D3-BF4B-00C04F79EFBC}") = "EmgTools.UI", "EmgTools.UI\EmgTools.UI.csproj", "{0D7495B0-F9C9-4D9A-BE8B-BB386C4906AF}"
EndProject
Global
	GlobalSection(SolutionConfigurationPlatforms) = preSolution
		Debug|Any CPU = Debug|Any CPU
		Debug|Mixed Platforms = Debug|Mixed Platforms
		Debug|Win32 = Debug|Win32
		Release|Any CPU = Release|Any CPU
		Release|Mixed Platforms = Release|Mixed Platforms
		Release|Win32 = Release|Win32
	EndGlobalSection
	GlobalSection(ProjectConfigurationPlatforms) = postSolution
		{47F6F516-469D-4E7E-AFB6-5DB81B75F17C}.Debug|Any CPU.ActiveCfg = Debug|Win32
		{47F6F516-469D-4E7E-AFB6-5DB81B75F17C}.Debug|Mixed Platforms.ActiveCfg = Debug|Win32
		{47F6F516-469D-4E7E-AFB6-5DB81B75F17C}.Debug|Mixed Platforms.Build.0 = Debug|Win32
		{47F6F516-469D-4E7E-AFB6-5DB81B75F17C}.Debug|Win32.ActiveCfg = Debug|Win32
		{47F6F516-469D-4E7E-AFB6-5DB81B75F17C}.Debug|Win32.Build.0 = Debug|Win32
		{47F6F516-469D-4E7E-AFB6-5DB81B75F17C}.Release|Any CPU.ActiveCfg = Release|Win32
		{47F6F516-469D-4E7E-AFB6-5DB81B75F17C}.Release|Mixed Platforms.ActiveCfg = Release|Win32
		{47F6F516-469D-4E7E-AFB6-5DB81B75F17C}.Release|Mixed Platforms.Build.0 = Release|Win32
		{47F6F516-469D-4E7E-AFB6-5DB81B75F17C}.Release|Win32.ActiveCfg = Release|Win32
		{47F6F516-469D-4E7E-AFB6-5DB81B75F17C}.Release|Win32.Build.0 = Release|Win32
		{9C249816-0D45-4130-AB6D-857091DA6AFB}.Debug|Any CPU.ActiveCfg = Debug|Any CPU
		{9C249816-0D45-4130-AB6D-857091DA6AFB}.Debug|Any CPU.Build.0 = Debug|Any CPU
		{9C249816-0D45-4130-AB6D-857091DA6AFB}.Debug|Mixed Platforms.ActiveCfg = Debug|Any CPU
		{9C249816-0D45-4130-AB6D-857091DA6AFB}.Debug|Mixed Platforms.Build.0 = Debug|Any CPU
		{9C249816-0D45-4130-AB6D-857091DA6AFB}.Debug|Win32.ActiveCfg = Debug|Any CPU
		{9C249816-0D45-4130-AB6D-857091DA6AFB}.Release|Any CPU.ActiveCfg = Release|Any CPU
		{9C249816-0D45-4130-AB6D-857091DA6AFB}.Release|Any CPU.Build.0 = Release|Any CPU
		{9C249816-0D45-4130-AB6D-857091DA6AFB}.Release|Mixed Platforms.ActiveCfg = Release|Any CPU
		{9C249816-0D45-4130-AB6D-857091DA6AFB}.Release|Mixed Platforms.Build.0 = Release|Any CPU
		{9C249816-0D45-4130-AB6D-857091DA6AFB}.Release|Win32.ActiveCfg = Release|Any CPU
		{28EFE431-C8AC-4549-AE5C-BC6BC04FF58D}.Debug|Any CPU.ActiveCfg = Debug|Any CPU
		{28EFE431-C8AC-4549-AE5C-BC6BC04FF58D}.Debug|Any CPU.Build.0 = Debug|Any CPU
		{28EFE431-C8AC-4549-AE5C-BC6BC04FF58D}.Debug|Mixed Platforms.ActiveCfg = Debug|Any CPU
		{28EFE431-C8AC-4549-AE5C-BC6BC04FF58D}.Debug|Mixed Platforms.Build.0 = Debug|Any CPU
		{28EFE431-C8AC-4549-AE5C-BC6BC04FF58D}.Debug|Win32.ActiveCfg = Debug|Any CPU
		{28EFE431-C8AC-4549-AE5C-BC6BC04FF58D}.Release|Any CPU.ActiveCfg = Release|Any CPU
		{28EFE431-C8AC-4549-AE5C-BC6BC04FF58D}.Release|Any CPU.Build.0 = Release|Any CPU
		{28EFE431-C8AC-4549-AE5C-BC6BC04FF58D}.Release|Mixed Platforms.ActiveCfg = Release|Any CPU
		{28EFE431-C8AC-4549-AE5C-BC6BC04FF58D}.Release|Mixed Platforms.Build.0 = Release|Any CPU
		{28EFE431-C8AC-4549-AE5C-BC6BC04FF58D}.Release|Win32.ActiveCfg = Release|Any CPU
		{0D7495B0-F9C9-4D9A-BE8B-BB386C4906AF}.Debug|Any CPU.ActiveCfg = Debug|Any CPU
		{0D7495B0-F9C9-4D9A-BE8B-BB386C4906AF}.Debug|Any CPU.Build.0 = Debug|Any CPU
		{0D7495B0-F9C9-4D9A-BE8B-BB386C4906AF}.Debug|Mixed Platforms.ActiveCfg = Debug|Any CPU
		{0D7495B0-F9C9-4D9A-BE8B-BB386C4906AF}.Debug|Mixed Platforms.Build.0 = Debug|Any CPU
		{0D7495B0-F9C9-4D9A-BE8B-BB386C4906AF}.Debug|Win32.ActiveCfg = Debug|Any CPU
		{0D7495B0-F9C9-4D9A-BE8B-BB386C4906AF}.Release|Any CPU.ActiveCfg = Release|Any CPU
		{0D7495B0-F9C9-4D9A-BE8B-BB386C4906AF}.Release|Any CPU.Build.0 = Release|Any CPU
		{0D7495B0-F9C9-4D9A-BE8B-BB386C4906AF}.Release|Mixed Platforms.ActiveCfg = Release|Any CPU
		{0D7495B0-F9C9-4D9A-BE8B-BB386C4906AF}.Release|Mixed Platforms.Build.0 = Release|Any CPU
		{0D7495B0-F9C9-4D9A-BE8B-BB386C4906AF}.Release|Win32.ActiveCfg = Release|Any CPU
	EndGlobalSection
	GlobalSection(SolutionProperties) = preSolution
		HideSolutionNode = FALSE
	EndGlobalSection
EndGlobal
